
Microsoft Visual Studio Solution File, Format Version 12.00
# Visual Studio Version 17
VisualStudioVersion = 17.7.34031.279
MinimumVisualStudioVersion = 10.0.40219.1
Project("{FAE04EC0-301F-11D3-BF4B-00C04F79EFBC}") = "NganXep", "NganXep\NganXep.csproj", "{79580BA4-FEE8-40F8-A534-F7E68A8AC808}"
EndProject
Global
	GlobalSection(SolutionConfigurationPlatforms) = preSolution
		Debug|Any CPU = Debug|Any CPU
		Release|Any CPU = Release|Any CPU
	EndGlobalSection
	GlobalSection(ProjectConfigurationPlatforms) = postSolution
		{79580BA4-FEE8-40F8-A534-F7E68A8AC808}.Debug|Any CPU.ActiveCfg = Debug|Any CPU
		{79580BA4-FEE8-40F8-A534-F7E68A8AC808}.Debug|Any CPU.Build.0 = Debug|Any CPU
		{79580BA4-FEE8-40F8-A534-F7E68A8AC808}.Release|Any CPU.ActiveCfg = Release|Any CPU
		{79580BA4-FEE8-40F8-A534-F7E68A8AC808}.Release|Any CPU.Build.0 = Release|Any CPU
	EndGlobalSection
	GlobalSection(SolutionProperties) = preSolution
		HideSolutionNode = FALSE
	EndGlobalSection
	GlobalSection(ExtensibilityGlobals) = postSolution
		SolutionGuid = {0CE6A27B-A9AB-405D-8FC9-1E02FD107C75}
	EndGlobalSection
EndGlobal
